// !$*UTF8*$!
{
	archiveVersion = 1;
	classes = {
	};
	objectVersion = 50;
	objects = {

/* Begin PBXBuildFile section */
		012DDC352035ABBF00C8D84C /* AppDelegate.swift in Sources */ = {isa = PBXBuildFile; fileRef = 012DDC342035ABBF00C8D84C /* AppDelegate.swift */; };
		012DDC3F2035ABC000C8D84C /* LaunchScreen.storyboard in Resources */ = {isa = PBXBuildFile; fileRef = 012DDC3D2035ABC000C8D84C /* LaunchScreen.storyboard */; };
		012DDC4A2035ABC000C8D84C /* wasTests.swift in Sources */ = {isa = PBXBuildFile; fileRef = 012DDC492035ABC000C8D84C /* wasTests.swift */; };
		012DDC552035ABC000C8D84C /* wasUITests.swift in Sources */ = {isa = PBXBuildFile; fileRef = 012DDC542035ABC000C8D84C /* wasUITests.swift */; };
		012DDC632035ADCC00C8D84C /* GameViewController.swift in Sources */ = {isa = PBXBuildFile; fileRef = 012DDC622035ADCC00C8D84C /* GameViewController.swift */; };
		012DDC652036F81400C8D84C /* Extension.swift in Sources */ = {isa = PBXBuildFile; fileRef = 012DDC642036F81400C8D84C /* Extension.swift */; };
		015B02842037230E005B6F25 /* Assets.xcassets in Resources */ = {isa = PBXBuildFile; fileRef = 015B02832037230E005B6F25 /* Assets.xcassets */; };
		DE5999142CC50AD8BC8B9CFB /* Pods_was.framework in Frameworks */ = {isa = PBXBuildFile; fileRef = 0EDF83A53B86BCB945025411 /* Pods_was.framework */; };
/* End PBXBuildFile section */

/* Begin PBXContainerItemProxy section */
		012DDC462035ABC000C8D84C /* PBXContainerItemProxy */ = {
			isa = PBXContainerItemProxy;
			containerPortal = 012DDC292035ABBF00C8D84C /* Project object */;
			proxyType = 1;
			remoteGlobalIDString = 012DDC302035ABBF00C8D84C;
			remoteInfo = was;
		};
		012DDC512035ABC000C8D84C /* PBXContainerItemProxy */ = {
			isa = PBXContainerItemProxy;
			containerPortal = 012DDC292035ABBF00C8D84C /* Project object */;
			proxyType = 1;
			remoteGlobalIDString = 012DDC302035ABBF00C8D84C;
			remoteInfo = was;
		};
/* End PBXContainerItemProxy section */

/* Begin PBXFileReference section */
		012DDC312035ABBF00C8D84C /* was.app */ = {isa = PBXFileReference; explicitFileType = wrapper.application; includeInIndex = 0; path = was.app; sourceTree = BUILT_PRODUCTS_DIR; };
		012DDC342035ABBF00C8D84C /* AppDelegate.swift */ = {isa = PBXFileReference; lastKnownFileType = sourcecode.swift; path = AppDelegate.swift; sourceTree = "<group>"; };
		012DDC3E2035ABC000C8D84C /* Base */ = {isa = PBXFileReference; lastKnownFileType = file.storyboard; name = Base; path = Base.lproj/LaunchScreen.storyboard; sourceTree = "<group>"; };
		012DDC402035ABC000C8D84C /* Info.plist */ = {isa = PBXFileReference; lastKnownFileType = text.plist.xml; path = Info.plist; sourceTree = "<group>"; };
		012DDC452035ABC000C8D84C /* wasTests.xctest */ = {isa = PBXFileReference; explicitFileType = wrapper.cfbundle; includeInIndex = 0; path = wasTests.xctest; sourceTree = BUILT_PRODUCTS_DIR; };
		012DDC492035ABC000C8D84C /* wasTests.swift */ = {isa = PBXFileReference; lastKnownFileType = sourcecode.swift; path = wasTests.swift; sourceTree = "<group>"; };
		012DDC4B2035ABC000C8D84C /* Info.plist */ = {isa = PBXFileReference; lastKnownFileType = text.plist.xml; path = Info.plist; sourceTree = "<group>"; };
		012DDC502035ABC000C8D84C /* wasUITests.xctest */ = {isa = PBXFileReference; explicitFileType = wrapper.cfbundle; includeInIndex = 0; path = wasUITests.xctest; sourceTree = BUILT_PRODUCTS_DIR; };
		012DDC542035ABC000C8D84C /* wasUITests.swift */ = {isa = PBXFileReference; lastKnownFileType = sourcecode.swift; path = wasUITests.swift; sourceTree = "<group>"; };
		012DDC562035ABC000C8D84C /* Info.plist */ = {isa = PBXFileReference; lastKnownFileType = text.plist.xml; path = Info.plist; sourceTree = "<group>"; };
		012DDC622035ADCC00C8D84C /* GameViewController.swift */ = {isa = PBXFileReference; lastKnownFileType = sourcecode.swift; path = GameViewController.swift; sourceTree = "<group>"; };
		012DDC642036F81400C8D84C /* Extension.swift */ = {isa = PBXFileReference; lastKnownFileType = sourcecode.swift; path = Extension.swift; sourceTree = "<group>"; };
		015B02832037230E005B6F25 /* Assets.xcassets */ = {isa = PBXFileReference; lastKnownFileType = folder.assetcatalog; path = Assets.xcassets; sourceTree = "<group>"; };
		0A5EED7E81371C749770D6A2 /* Pods-was.debug.xcconfig */ = {isa = PBXFileReference; includeInIndex = 1; lastKnownFileType = text.xcconfig; name = "Pods-was.debug.xcconfig"; path = "Pods/Target Support Files/Pods-was/Pods-was.debug.xcconfig"; sourceTree = "<group>"; };
		0EDF83A53B86BCB945025411 /* Pods_was.framework */ = {isa = PBXFileReference; explicitFileType = wrapper.framework; includeInIndex = 0; path = Pods_was.framework; sourceTree = BUILT_PRODUCTS_DIR; };
		99828CBDCEE51B1FFA5A1A8A /* Pods-was.release.xcconfig */ = {isa = PBXFileReference; includeInIndex = 1; lastKnownFileType = text.xcconfig; name = "Pods-was.release.xcconfig"; path = "Pods/Target Support Files/Pods-was/Pods-was.release.xcconfig"; sourceTree = "<group>"; };
/* End PBXFileReference section */

/* Begin PBXFrameworksBuildPhase section */
		012DDC2E2035ABBF00C8D84C /* Frameworks */ = {
			isa = PBXFrameworksBuildPhase;
			buildActionMask = 2147483647;
			files = (
				DE5999142CC50AD8BC8B9CFB /* Pods_was.framework in Frameworks */,
			);
			runOnlyForDeploymentPostprocessing = 0;
		};
		012DDC422035ABC000C8D84C /* Frameworks */ = {
			isa = PBXFrameworksBuildPhase;
			buildActionMask = 2147483647;
			files = (
			);
			runOnlyForDeploymentPostprocessing = 0;
		};
		012DDC4D2035ABC000C8D84C /* Frameworks */ = {
			isa = PBXFrameworksBuildPhase;
			buildActionMask = 2147483647;
			files = (
			);
			runOnlyForDeploymentPostprocessing = 0;
		};
/* End PBXFrameworksBuildPhase section */

/* Begin PBXGroup section */
		00C0CFC3F718D340AB9B919F /* Frameworks */ = {
			isa = PBXGroup;
			children = (
				0EDF83A53B86BCB945025411 /* Pods_was.framework */,
			);
			name = Frameworks;
			sourceTree = "<group>";
		};
		012DDC282035ABBF00C8D84C = {
			isa = PBXGroup;
			children = (
				012DDC332035ABBF00C8D84C /* was */,
				012DDC482035ABC000C8D84C /* wasTests */,
				012DDC532035ABC000C8D84C /* wasUITests */,
				012DDC322035ABBF00C8D84C /* Products */,
				739DF82113AE71BFCC44904B /* Pods */,
				00C0CFC3F718D340AB9B919F /* Frameworks */,
			);
			sourceTree = "<group>";
		};
		012DDC322035ABBF00C8D84C /* Products */ = {
			isa = PBXGroup;
			children = (
				012DDC312035ABBF00C8D84C /* was.app */,
				012DDC452035ABC000C8D84C /* wasTests.xctest */,
				012DDC502035ABC000C8D84C /* wasUITests.xctest */,
			);
			name = Products;
			sourceTree = "<group>";
		};
		012DDC332035ABBF00C8D84C /* was */ = {
			isa = PBXGroup;
			children = (
				012DDC342035ABBF00C8D84C /* AppDelegate.swift */,
				012DDC3D2035ABC000C8D84C /* LaunchScreen.storyboard */,
				015B02832037230E005B6F25 /* Assets.xcassets */,
				012DDC402035ABC000C8D84C /* Info.plist */,
				012DDC622035ADCC00C8D84C /* GameViewController.swift */,
				012DDC642036F81400C8D84C /* Extension.swift */,
			);
			path = was;
			sourceTree = "<group>";
		};
		012DDC482035ABC000C8D84C /* wasTests */ = {
			isa = PBXGroup;
			children = (
				012DDC492035ABC000C8D84C /* wasTests.swift */,
				012DDC4B2035ABC000C8D84C /* Info.plist */,
			);
			path = wasTests;
			sourceTree = "<group>";
		};
		012DDC532035ABC000C8D84C /* wasUITests */ = {
			isa = PBXGroup;
			children = (
				012DDC542035ABC000C8D84C /* wasUITests.swift */,
				012DDC562035ABC000C8D84C /* Info.plist */,
			);
			path = wasUITests;
			sourceTree = "<group>";
		};
		739DF82113AE71BFCC44904B /* Pods */ = {
			isa = PBXGroup;
			children = (
				0A5EED7E81371C749770D6A2 /* Pods-was.debug.xcconfig */,
				99828CBDCEE51B1FFA5A1A8A /* Pods-was.release.xcconfig */,
			);
			name = Pods;
			sourceTree = "<group>";
		};
/* End PBXGroup section */

/* Begin PBXNativeTarget section */
		012DDC302035ABBF00C8D84C /* was */ = {
			isa = PBXNativeTarget;
			buildConfigurationList = 012DDC592035ABC000C8D84C /* Build configuration list for PBXNativeTarget "was" */;
			buildPhases = (
				1E93865B1B154D2EA96FC84A /* [CP] Check Pods Manifest.lock */,
				012DDC2D2035ABBF00C8D84C /* Sources */,
				012DDC2E2035ABBF00C8D84C /* Frameworks */,
				012DDC2F2035ABBF00C8D84C /* Resources */,
				677C0E1CEAF1B142682B32D5 /* [CP] Embed Pods Frameworks */,
				CE9B00934A2AF9F2D3C694A5 /* [CP] Copy Pods Resources */,
			);
			buildRules = (
			);
			dependencies = (
			);
			name = was;
			productName = was;
			productReference = 012DDC312035ABBF00C8D84C /* was.app */;
			productType = "com.apple.product-type.application";
		};
		012DDC442035ABC000C8D84C /* wasTests */ = {
			isa = PBXNativeTarget;
			buildConfigurationList = 012DDC5C2035ABC000C8D84C /* Build configuration list for PBXNativeTarget "wasTests" */;
			buildPhases = (
				012DDC412035ABC000C8D84C /* Sources */,
				012DDC422035ABC000C8D84C /* Frameworks */,
				012DDC432035ABC000C8D84C /* Resources */,
			);
			buildRules = (
			);
			dependencies = (
				012DDC472035ABC000C8D84C /* PBXTargetDependency */,
			);
			name = wasTests;
			productName = wasTests;
			productReference = 012DDC452035ABC000C8D84C /* wasTests.xctest */;
			productType = "com.apple.product-type.bundle.unit-test";
		};
		012DDC4F2035ABC000C8D84C /* wasUITests */ = {
			isa = PBXNativeTarget;
			buildConfigurationList = 012DDC5F2035ABC000C8D84C /* Build configuration list for PBXNativeTarget "wasUITests" */;
			buildPhases = (
				012DDC4C2035ABC000C8D84C /* Sources */,
				012DDC4D2035ABC000C8D84C /* Frameworks */,
				012DDC4E2035ABC000C8D84C /* Resources */,
			);
			buildRules = (
			);
			dependencies = (
				012DDC522035ABC000C8D84C /* PBXTargetDependency */,
			);
			name = wasUITests;
			productName = wasUITests;
			productReference = 012DDC502035ABC000C8D84C /* wasUITests.xctest */;
			productType = "com.apple.product-type.bundle.ui-testing";
		};
/* End PBXNativeTarget section */

/* Begin PBXProject section */
		012DDC292035ABBF00C8D84C /* Project object */ = {
			isa = PBXProject;
			attributes = {
				LastSwiftUpdateCheck = 0930;
				LastUpgradeCheck = 0930;
				ORGANIZATIONNAME = "Raül Duaigües";
				TargetAttributes = {
					012DDC302035ABBF00C8D84C = {
						CreatedOnToolsVersion = 9.3;
					};
					012DDC442035ABC000C8D84C = {
						CreatedOnToolsVersion = 9.3;
						TestTargetID = 012DDC302035ABBF00C8D84C;
					};
					012DDC4F2035ABC000C8D84C = {
						CreatedOnToolsVersion = 9.3;
						TestTargetID = 012DDC302035ABBF00C8D84C;
					};
				};
			};
			buildConfigurationList = 012DDC2C2035ABBF00C8D84C /* Build configuration list for PBXProject "was" */;
			compatibilityVersion = "Xcode 9.3";
			developmentRegion = en;
			hasScannedForEncodings = 0;
			knownRegions = (
				en,
				Base,
			);
			mainGroup = 012DDC282035ABBF00C8D84C;
			productRefGroup = 012DDC322035ABBF00C8D84C /* Products */;
			projectDirPath = "";
			projectRoot = "";
			targets = (
				012DDC302035ABBF00C8D84C /* was */,
				012DDC442035ABC000C8D84C /* wasTests */,
				012DDC4F2035ABC000C8D84C /* wasUITests */,
			);
		};
/* End PBXProject section */

/* Begin PBXResourcesBuildPhase section */
		012DDC2F2035ABBF00C8D84C /* Resources */ = {
			isa = PBXResourcesBuildPhase;
			buildActionMask = 2147483647;
			files = (
				015B02842037230E005B6F25 /* Assets.xcassets in Resources */,
				012DDC3F2035ABC000C8D84C /* LaunchScreen.storyboard in Resources */,
			);
			runOnlyForDeploymentPostprocessing = 0;
		};
		012DDC432035ABC000C8D84C /* Resources */ = {
			isa = PBXResourcesBuildPhase;
			buildActionMask = 2147483647;
			files = (
			);
			runOnlyForDeploymentPostprocessing = 0;
		};
		012DDC4E2035ABC000C8D84C /* Resources */ = {
			isa = PBXResourcesBuildPhase;
			buildActionMask = 2147483647;
			files = (
			);
			runOnlyForDeploymentPostprocessing = 0;
		};
/* End PBXResourcesBuildPhase section */

/* Begin PBXShellScriptBuildPhase section */
		1E93865B1B154D2EA96FC84A /* [CP] Check Pods Manifest.lock */ = {
			isa = PBXShellScriptBuildPhase;
			buildActionMask = 2147483647;
			files = (
			);
			inputPaths = (
				"${PODS_PODFILE_DIR_PATH}/Podfile.lock",
				"${PODS_ROOT}/Manifest.lock",
			);
			name = "[CP] Check Pods Manifest.lock";
			outputPaths = (
				"$(DERIVED_FILE_DIR)/Pods-was-checkManifestLockResult.txt",
			);
			runOnlyForDeploymentPostprocessing = 0;
			shellPath = /bin/sh;
			shellScript = "diff \"${PODS_PODFILE_DIR_PATH}/Podfile.lock\" \"${PODS_ROOT}/Manifest.lock\" > /dev/null\nif [ $? != 0 ] ; then\n    # print error to STDERR\n    echo \"error: The sandbox is not in sync with the Podfile.lock. Run 'pod install' or update your CocoaPods installation.\" >&2\n    exit 1\nfi\n# This output is used by Xcode 'outputs' to avoid re-running this script phase.\necho \"SUCCESS\" > \"${SCRIPT_OUTPUT_FILE_0}\"\n";
			showEnvVarsInLog = 0;
		};
		677C0E1CEAF1B142682B32D5 /* [CP] Embed Pods Frameworks */ = {
			isa = PBXShellScriptBuildPhase;
			buildActionMask = 2147483647;
			files = (
			);
			inputPaths = (
				"${SRCROOT}/Pods/Target Support Files/Pods-was/Pods-was-frameworks.sh",
				"${BUILT_PRODUCTS_DIR}/LBTAComponents/LBTAComponents.framework",
			);
			name = "[CP] Embed Pods Frameworks";
			outputPaths = (
				"${TARGET_BUILD_DIR}/${FRAMEWORKS_FOLDER_PATH}/LBTAComponents.framework",
			);
			runOnlyForDeploymentPostprocessing = 0;
			shellPath = /bin/sh;
			shellScript = "\"${SRCROOT}/Pods/Target Support Files/Pods-was/Pods-was-frameworks.sh\"\n";
			showEnvVarsInLog = 0;
		};
		CE9B00934A2AF9F2D3C694A5 /* [CP] Copy Pods Resources */ = {
			isa = PBXShellScriptBuildPhase;
			buildActionMask = 2147483647;
			files = (
			);
			inputPaths = (
			);
			name = "[CP] Copy Pods Resources";
			outputPaths = (
			);
			runOnlyForDeploymentPostprocessing = 0;
			shellPath = /bin/sh;
			shellScript = "\"${SRCROOT}/Pods/Target Support Files/Pods-was/Pods-was-resources.sh\"\n";
			showEnvVarsInLog = 0;
		};
/* End PBXShellScriptBuildPhase section */

/* Begin PBXSourcesBuildPhase section */
		012DDC2D2035ABBF00C8D84C /* Sources */ = {
			isa = PBXSourcesBuildPhase;
			buildActionMask = 2147483647;
			files = (
				012DDC652036F81400C8D84C /* Extension.swift in Sources */,
				012DDC632035ADCC00C8D84C /* GameViewController.swift in Sources */,
				012DDC352035ABBF00C8D84C /* AppDelegate.swift in Sources */,
			);
			runOnlyForDeploymentPostprocessing = 0;
		};
		012DDC412035ABC000C8D84C /* Sources */ = {
			isa = PBXSourcesBuildPhase;
			buildActionMask = 2147483647;
			files = (
				012DDC4A2035ABC000C8D84C /* wasTests.swift in Sources */,
			);
			runOnlyForDeploymentPostprocessing = 0;
		};
		012DDC4C2035ABC000C8D84C /* Sources */ = {
			isa = PBXSourcesBuildPhase;
			buildActionMask = 2147483647;
			files = (
				012DDC552035ABC000C8D84C /* wasUITests.swift in Sources */,
			);
			runOnlyForDeploymentPostprocessing = 0;
		};
/* End PBXSourcesBuildPhase section */

/* Begin PBXTargetDependency section */
		012DDC472035ABC000C8D84C /* PBXTargetDependency */ = {
			isa = PBXTargetDependency;
			target = 012DDC302035ABBF00C8D84C /* was */;
			targetProxy = 012DDC462035ABC000C8D84C /* PBXContainerItemProxy */;
		};
		012DDC522035ABC000C8D84C /* PBXTargetDependency */ = {
			isa = PBXTargetDependency;
			target = 012DDC302035ABBF00C8D84C /* was */;
			targetProxy = 012DDC512035ABC000C8D84C /* PBXContainerItemProxy */;
		};
/* End PBXTargetDependency section */

/* Begin PBXVariantGroup section */
		012DDC3D2035ABC000C8D84C /* LaunchScreen.storyboard */ = {
			isa = PBXVariantGroup;
			children = (
				012DDC3E2035ABC000C8D84C /* Base */,
			);
			name = LaunchScreen.storyboard;
			sourceTree = "<group>";
		};
/* End PBXVariantGroup section */

/* Begin XCBuildConfiguration section */
		012DDC572035ABC000C8D84C /* Debug */ = {
			isa = XCBuildConfiguration;
			buildSettings = {
				ALWAYS_SEARCH_USER_PATHS = NO;
				CLANG_ANALYZER_NONNULL = YES;
				CLANG_ANALYZER_NUMBER_OBJECT_CONVERSION = YES_AGGRESSIVE;
				CLANG_CXX_LANGUAGE_STANDARD = "gnu++14";
				CLANG_CXX_LIBRARY = "libc++";
				CLANG_ENABLE_MODULES = YES;
				CLANG_ENABLE_OBJC_ARC = YES;
				CLANG_ENABLE_OBJC_WEAK = YES;
				CLANG_WARN_BLOCK_CAPTURE_AUTORELEASING = YES;
				CLANG_WARN_BOOL_CONVERSION = YES;
				CLANG_WARN_COMMA = YES;
				CLANG_WARN_CONSTANT_CONVERSION = YES;
				CLANG_WARN_DEPRECATED_OBJC_IMPLEMENTATIONS = YES;
				CLANG_WARN_DIRECT_OBJC_ISA_USAGE = YES_ERROR;
				CLANG_WARN_DOCUMENTATION_COMMENTS = YES;
				CLANG_WARN_EMPTY_BODY = YES;
				CLANG_WARN_ENUM_CONVERSION = YES;
				CLANG_WARN_INFINITE_RECURSION = YES;
				CLANG_WARN_INT_CONVERSION = YES;
				CLANG_WARN_NON_LITERAL_NULL_CONVERSION = YES;
				CLANG_WARN_OBJC_IMPLICIT_RETAIN_SELF = YES;
				CLANG_WARN_OBJC_LITERAL_CONVERSION = YES;
				CLANG_WARN_OBJC_ROOT_CLASS = YES_ERROR;
				CLANG_WARN_RANGE_LOOP_ANALYSIS = YES;
				CLANG_WARN_STRICT_PROTOTYPES = YES;
				CLANG_WARN_SUSPICIOUS_MOVE = YES;
				CLANG_WARN_UNGUARDED_AVAILABILITY = YES_AGGRESSIVE;
				CLANG_WARN_UNREACHABLE_CODE = YES;
				CLANG_WARN__DUPLICATE_METHOD_MATCH = YES;
				CODE_SIGN_IDENTITY = "iPhone Developer";
				COPY_PHASE_STRIP = NO;
				DEBUG_INFORMATION_FORMAT = dwarf;
				ENABLE_STRICT_OBJC_MSGSEND = YES;
				ENABLE_TESTABILITY = YES;
				GCC_C_LANGUAGE_STANDARD = gnu11;
				GCC_DYNAMIC_NO_PIC = NO;
				GCC_NO_COMMON_BLOCKS = YES;
				GCC_OPTIMIZATION_LEVEL = 0;
				GCC_PREPROCESSOR_DEFINITIONS = (
					"DEBUG=1",
					"$(inherited)",
				);
				GCC_WARN_64_TO_32_BIT_CONVERSION = YES;
				GCC_WARN_ABOUT_RETURN_TYPE = YES_ERROR;
				GCC_WARN_UNDECLARED_SELECTOR = YES;
				GCC_WARN_UNINITIALIZED_AUTOS = YES_AGGRESSIVE;
				GCC_WARN_UNUSED_FUNCTION = YES;
				GCC_WARN_UNUSED_VARIABLE = YES;
				IPHONEOS_DEPLOYMENT_TARGET = 11.3;
				MTL_ENABLE_DEBUG_INFO = YES;
				ONLY_ACTIVE_ARCH = YES;
				SDKROOT = iphoneos;
				SWIFT_ACTIVE_COMPILATION_CONDITIONS = DEBUG;
				SWIFT_OPTIMIZATION_LEVEL = "-Onone";
			};
			name = Debug;
		};
		012DDC582035ABC000C8D84C /* Release */ = {
			isa = XCBuildConfiguration;
			buildSettings = {
				ALWAYS_SEARCH_USER_PATHS = NO;
				CLANG_ANALYZER_NONNULL = YES;
				CLANG_ANALYZER_NUMBER_OBJECT_CONVERSION = YES_AGGRESSIVE;
				CLANG_CXX_LANGUAGE_STANDARD = "gnu++14";
				CLANG_CXX_LIBRARY = "libc++";
				CLANG_ENABLE_MODULES = YES;
				CLANG_ENABLE_OBJC_ARC = YES;
				CLANG_ENABLE_OBJC_WEAK = YES;
				CLANG_WARN_BLOCK_CAPTURE_AUTORELEASING = YES;
				CLANG_WARN_BOOL_CONVERSION = YES;
				CLANG_WARN_COMMA = YES;
				CLANG_WARN_CONSTANT_CONVERSION = YES;
				CLANG_WARN_DEPRECATED_OBJC_IMPLEMENTATIONS = YES;
				CLANG_WARN_DIRECT_OBJC_ISA_USAGE = YES_ERROR;
				CLANG_WARN_DOCUMENTATION_COMMENTS = YES;
				CLANG_WARN_EMPTY_BODY = YES;
				CLANG_WARN_ENUM_CONVERSION = YES;
				CLANG_WARN_INFINITE_RECURSION = YES;
				CLANG_WARN_INT_CONVERSION = YES;
				CLANG_WARN_NON_LITERAL_NULL_CONVERSION = YES;
				CLANG_WARN_OBJC_IMPLICIT_RETAIN_SELF = YES;
				CLANG_WARN_OBJC_LITERAL_CONVERSION = YES;
				CLANG_WARN_OBJC_ROOT_CLASS = YES_ERROR;
				CLANG_WARN_RANGE_LOOP_ANALYSIS = YES;
				CLANG_WARN_STRICT_PROTOTYPES = YES;
				CLANG_WARN_SUSPICIOUS_MOVE = YES;
				CLANG_WARN_UNGUARDED_AVAILABILITY = YES_AGGRESSIVE;
				CLANG_WARN_UNREACHABLE_CODE = YES;
				CLANG_WARN__DUPLICATE_METHOD_MATCH = YES;
				CODE_SIGN_IDENTITY = "iPhone Developer";
				COPY_PHASE_STRIP = NO;
				DEBUG_INFORMATION_FORMAT = "dwarf-with-dsym";
				ENABLE_NS_ASSERTIONS = NO;
				ENABLE_STRICT_OBJC_MSGSEND = YES;
				GCC_C_LANGUAGE_STANDARD = gnu11;
				GCC_NO_COMMON_BLOCKS = YES;
				GCC_WARN_64_TO_32_BIT_CONVERSION = YES;
				GCC_WARN_ABOUT_RETURN_TYPE = YES_ERROR;
				GCC_WARN_UNDECLARED_SELECTOR = YES;
				GCC_WARN_UNINITIALIZED_AUTOS = YES_AGGRESSIVE;
				GCC_WARN_UNUSED_FUNCTION = YES;
				GCC_WARN_UNUSED_VARIABLE = YES;
				IPHONEOS_DEPLOYMENT_TARGET = 11.3;
				MTL_ENABLE_DEBUG_INFO = NO;
				SDKROOT = iphoneos;
				SWIFT_COMPILATION_MODE = wholemodule;
				SWIFT_OPTIMIZATION_LEVEL = "-O";
				VALIDATE_PRODUCT = YES;
			};
			name = Release;
		};
		012DDC5A2035ABC000C8D84C /* Debug */ = {
			isa = XCBuildConfiguration;
			baseConfigurationReference = 0A5EED7E81371C749770D6A2 /* Pods-was.debug.xcconfig */;
			buildSettings = {
				ASSETCATALOG_COMPILER_APPICON_NAME = AppIcon;
				CODE_SIGN_STYLE = Automatic;
				DEVELOPMENT_TEAM = 26CJ29FXB2;
				INFOPLIST_FILE = was/Info.plist;
				LD_RUNPATH_SEARCH_PATHS = (
					"$(inherited)",
					"@executable_path/Frameworks",
				);
				PRODUCT_BUNDLE_IDENTIFIER = raulduaigues.was;
				PRODUCT_NAME = "$(TARGET_NAME)";
				SWIFT_VERSION = 4.0;
				TARGETED_DEVICE_FAMILY = "1,2";
			};
			name = Debug;
		};
		012DDC5B2035ABC000C8D84C /* Release */ = {
			isa = XCBuildConfiguration;
			baseConfigurationReference = 99828CBDCEE51B1FFA5A1A8A /* Pods-was.release.xcconfig */;
			buildSettings = {
				ASSETCATALOG_COMPILER_APPICON_NAME = AppIcon;
				CODE_SIGN_STYLE = Automatic;
				DEVELOPMENT_TEAM = 26CJ29FXB2;
				INFOPLIST_FILE = was/Info.plist;
				LD_RUNPATH_SEARCH_PATHS = (
					"$(inherited)",
					"@executable_path/Frameworks",
				);
				PRODUCT_BUNDLE_IDENTIFIER = raulduaigues.was;
				PRODUCT_NAME = "$(TARGET_NAME)";
				SWIFT_VERSION = 4.0;
				TARGETED_DEVICE_FAMILY = "1,2";
			};
			name = Release;
		};
		012DDC5D2035ABC000C8D84C /* Debug */ = {
			isa = XCBuildConfiguration;
			buildSettings = {
				ALWAYS_EMBED_SWIFT_STANDARD_LIBRARIES = YES;
				BUNDLE_LOADER = "$(TEST_HOST)";
				CODE_SIGN_STYLE = Automatic;
				DEVELOPMENT_TEAM = 26CJ29FXB2;
				INFOPLIST_FILE = wasTests/Info.plist;
				LD_RUNPATH_SEARCH_PATHS = (
					"$(inherited)",
					"@executable_path/Frameworks",
					"@loader_path/Frameworks",
				);
				PRODUCT_BUNDLE_IDENTIFIER = raulduaigues.wasTests;
				PRODUCT_NAME = "$(TARGET_NAME)";
				SWIFT_VERSION = 4.0;
				TARGETED_DEVICE_FAMILY = "1,2";
				TEST_HOST = "$(BUILT_PRODUCTS_DIR)/was.app/was";
			};
			name = Debug;
		};
		012DDC5E2035ABC000C8D84C /* Release */ = {
			isa = XCBuildConfiguration;
			buildSettings = {
				ALWAYS_EMBED_SWIFT_STANDARD_LIBRARIES = YES;
				BUNDLE_LOADER = "$(TEST_HOST)";
				CODE_SIGN_STYLE = Automatic;
				DEVELOPMENT_TEAM = 26CJ29FXB2;
				INFOPLIST_FILE = wasTests/Info.plist;
				LD_RUNPATH_SEARCH_PATHS = (
					"$(inherited)",
					"@executable_path/Frameworks",
					"@loader_path/Frameworks",
				);
				PRODUCT_BUNDLE_IDENTIFIER = raulduaigues.wasTests;
				PRODUCT_NAME = "$(TARGET_NAME)";
				SWIFT_VERSION = 4.0;
				TARGETED_DEVICE_FAMILY = "1,2";
				TEST_HOST = "$(BUILT_PRODUCTS_DIR)/was.app/was";
			};
			name = Release;
		};
		012DDC602035ABC000C8D84C /* Debug */ = {
			isa = XCBuildConfiguration;
			buildSettings = {
				ALWAYS_EMBED_SWIFT_STANDARD_LIBRARIES = YES;
				CODE_SIGN_STYLE = Automatic;
				DEVELOPMENT_TEAM = 26CJ29FXB2;
				INFOPLIST_FILE = wasUITests/Info.plist;
				LD_RUNPATH_SEARCH_PATHS = (
					"$(inherited)",
					"@executable_path/Frameworks",
					"@loader_path/Frameworks",
				);
				PRODUCT_BUNDLE_IDENTIFIER = raulduaigues.wasUITests;
				PRODUCT_NAME = "$(TARGET_NAME)";
				SWIFT_VERSION = 4.0;
				TARGETED_DEVICE_FAMILY = "1,2";
				TEST_TARGET_NAME = was;
			};
			name = Debug;
		};
		012DDC612035ABC000C8D84C /* Release */ = {
			isa = XCBuildConfiguration;
			buildSettings = {
				ALWAYS_EMBED_SWIFT_STANDARD_LIBRARIES = YES;
				CODE_SIGN_STYLE = Automatic;
				DEVELOPMENT_TEAM = 26CJ29FXB2;
				INFOPLIST_FILE = wasUITests/Info.plist;
				LD_RUNPATH_SEARCH_PATHS = (
					"$(inherited)",
					"@executable_path/Frameworks",
					"@loader_path/Frameworks",
				);
				PRODUCT_BUNDLE_IDENTIFIER = raulduaigues.wasUITests;
				PRODUCT_NAME = "$(TARGET_NAME)";
				SWIFT_VERSION = 4.0;
				TARGETED_DEVICE_FAMILY = "1,2";
				TEST_TARGET_NAME = was;
			};
			name = Release;
		};
/* End XCBuildConfiguration section */

/* Begin XCConfigurationList section */
		012DDC2C2035ABBF00C8D84C /* Build configuration list for PBXProject "was" */ = {
			isa = XCConfigurationList;
			buildConfigurations = (
				012DDC572035ABC000C8D84C /* Debug */,
				012DDC582035ABC000C8D84C /* Release */,
			);
			defaultConfigurationIsVisible = 0;
			defaultConfigurationName = Release;
		};
		012DDC592035ABC000C8D84C /* Build configuration list for PBXNativeTarget "was" */ = {
			isa = XCConfigurationList;
			buildConfigurations = (
				012DDC5A2035ABC000C8D84C /* Debug */,
				012DDC5B2035ABC000C8D84C /* Release */,
			);
			defaultConfigurationIsVisible = 0;
			defaultConfigurationName = Release;
		};
		012DDC5C2035ABC000C8D84C /* Build configuration list for PBXNativeTarget "wasTests" */ = {
			isa = XCConfigurationList;
			buildConfigurations = (
				012DDC5D2035ABC000C8D84C /* Debug */,
				012DDC5E2035ABC000C8D84C /* Release */,
			);
			defaultConfigurationIsVisible = 0;
			defaultConfigurationName = Release;
		};
		012DDC5F2035ABC000C8D84C /* Build configuration list for PBXNativeTarget "wasUITests" */ = {
			isa = XCConfigurationList;
			buildConfigurations = (
				012DDC602035ABC000C8D84C /* Debug */,
				012DDC612035ABC000C8D84C /* Release */,
			);
			defaultConfigurationIsVisible = 0;
			defaultConfigurationName = Release;
		};
/* End XCConfigurationList section */
	};
	rootObject = 012DDC292035ABBF00C8D84C /* Project object */;
}
